// !$*UTF8*$!
{
	archiveVersion = 1;
	classes = {
	};
	objectVersion = 56;
	objects = {

/* Begin PBXBuildFile section */
		287680DD2967025300DC35CF /* AttendanceModalView.swift in Sources */ = {isa = PBXBuildFile; fileRef = 287680DC2967025300DC35CF /* AttendanceModalView.swift */; };
		287680DF2967069400DC35CF /* LocationViewModel.swift in Sources */ = {isa = PBXBuildFile; fileRef = 287680DE2967069400DC35CF /* LocationViewModel.swift */; };
		287680E32967207700DC35CF /* MapView.swift in Sources */ = {isa = PBXBuildFile; fileRef = 287680E22967207700DC35CF /* MapView.swift */; };
		1ACE538C29671F8F00491CC0 /* PartyView.swift in Sources */ = {isa = PBXBuildFile; fileRef = 1ACE538B29671F8F00491CC0 /* PartyView.swift */; };
		1ACE538F29671FA100491CC0 /* JoinModalView.swift in Sources */ = {isa = PBXBuildFile; fileRef = 1ACE538E29671FA100491CC0 /* JoinModalView.swift */; };
		1ACE539129671FAA00491CC0 /* QRView.swift in Sources */ = {isa = PBXBuildFile; fileRef = 1ACE539029671FAA00491CC0 /* QRView.swift */; };
		34E66AF529666D2B005F19FC /* HomeMainView.swift in Sources */ = {isa = PBXBuildFile; fileRef = 34E66AF429666D2B005F19FC /* HomeMainView.swift */; };
		34E66AF729666D3D005F19FC /* AttendanceMainView.swift in Sources */ = {isa = PBXBuildFile; fileRef = 34E66AF629666D3D005F19FC /* AttendanceMainView.swift */; };
		34E66AF929666D53005F19FC /* MyMainView.swift in Sources */ = {isa = PBXBuildFile; fileRef = 34E66AF829666D53005F19FC /* MyMainView.swift */; };
		34E66AFB29666D61005F19FC /* User.swift in Sources */ = {isa = PBXBuildFile; fileRef = 34E66AFA29666D61005F19FC /* User.swift */; };
		34E66AFD29666D72005F19FC /* GroupStore.swift in Sources */ = {isa = PBXBuildFile; fileRef = 34E66AFC29666D72005F19FC /* GroupStore.swift */; };
		34E66B0229669F27005F19FC /* LoginView.swift in Sources */ = {isa = PBXBuildFile; fileRef = 34E66B0129669F27005F19FC /* LoginView.swift */; };
		34E66B0429669F3E005F19FC /* SignUpView.swift in Sources */ = {isa = PBXBuildFile; fileRef = 34E66B0329669F3E005F19FC /* SignUpView.swift */; };
		34E66B072966C38E005F19FC /* SignUpStep2View.swift in Sources */ = {isa = PBXBuildFile; fileRef = 34E66B062966C38E005F19FC /* SignUpStep2View.swift */; };
		7944E32E2966C54000ADFED6 /* MainDetailView.swift in Sources */ = {isa = PBXBuildFile; fileRef = 7944E32D2966C54000ADFED6 /* MainDetailView.swift */; };
		7944E3302966C62100ADFED6 /* DdayFrame.swift in Sources */ = {isa = PBXBuildFile; fileRef = 7944E32F2966C62100ADFED6 /* DdayFrame.swift */; };
		7944E3322966EE8D00ADFED6 /* ColorExtension.swift in Sources */ = {isa = PBXBuildFile; fileRef = 7944E3312966EE8D00ADFED6 /* ColorExtension.swift */; };
		A525D9C72966C6D900BC6C53 /* ScanningCameraViewController.swift in Sources */ = {isa = PBXBuildFile; fileRef = A525D9C62966C6D900BC6C53 /* ScanningCameraViewController.swift */; };
		A525D9C92966C7DC00BC6C53 /* ScanningCamera.swift in Sources */ = {isa = PBXBuildFile; fileRef = A525D9C82966C7DC00BC6C53 /* ScanningCamera.swift */; };
		A525D9CC2966EEDC00BC6C53 /* String.swift in Sources */ = {isa = PBXBuildFile; fileRef = A525D9CB2966EEDC00BC6C53 /* String.swift */; };
		F480D4162966554E005CB779 /* Check_ItApp.swift in Sources */ = {isa = PBXBuildFile; fileRef = F480D4152966554E005CB779 /* Check_ItApp.swift */; };
		F480D4182966554E005CB779 /* ContentView.swift in Sources */ = {isa = PBXBuildFile; fileRef = F480D4172966554E005CB779 /* ContentView.swift */; };
		F480D41A29665554005CB779 /* Assets.xcassets in Resources */ = {isa = PBXBuildFile; fileRef = F480D41929665554005CB779 /* Assets.xcassets */; };
		F480D41D29665554005CB779 /* Preview Assets.xcassets in Resources */ = {isa = PBXBuildFile; fileRef = F480D41C29665554005CB779 /* Preview Assets.xcassets */; };
		F480D4242966EF2E005CB779 /* Group.swift in Sources */ = {isa = PBXBuildFile; fileRef = F480D4232966EF2E005CB779 /* Group.swift */; };
		F480D4262966EF97005CB779 /* Promise.swift in Sources */ = {isa = PBXBuildFile; fileRef = F480D4252966EF97005CB779 /* Promise.swift */; };
		F480D4282966F1D1005CB779 /* Location.swift in Sources */ = {isa = PBXBuildFile; fileRef = F480D4272966F1D1005CB779 /* Location.swift */; };
		F480D42A2967032C005CB779 /* MakeGroupModal.swift in Sources */ = {isa = PBXBuildFile; fileRef = F480D4292967032C005CB779 /* MakeGroupModal.swift */; };
		FD6A2E00296658A5006E1C10 /* GoogleService-Info.plist in Resources */ = {isa = PBXBuildFile; fileRef = FD6A2DFF296658A5006E1C10 /* GoogleService-Info.plist */; };
		FD6A2E0329665974006E1C10 /* FirebaseAnalytics in Frameworks */ = {isa = PBXBuildFile; productRef = FD6A2E0229665974006E1C10 /* FirebaseAnalytics */; };
		FD6A2E0529665974006E1C10 /* FirebaseAuth in Frameworks */ = {isa = PBXBuildFile; productRef = FD6A2E0429665974006E1C10 /* FirebaseAuth */; };
		FD6A2E0729665974006E1C10 /* FirebaseAuthCombine-Community in Frameworks */ = {isa = PBXBuildFile; productRef = FD6A2E0629665974006E1C10 /* FirebaseAuthCombine-Community */; };
		FD6A2E0929665974006E1C10 /* FirebaseFirestore in Frameworks */ = {isa = PBXBuildFile; productRef = FD6A2E0829665974006E1C10 /* FirebaseFirestore */; };
		FD6A2E0B29665974006E1C10 /* FirebaseFirestoreCombine-Community in Frameworks */ = {isa = PBXBuildFile; productRef = FD6A2E0A29665974006E1C10 /* FirebaseFirestoreCombine-Community */; };
		FD6A2E0D29665974006E1C10 /* FirebaseFirestoreSwift in Frameworks */ = {isa = PBXBuildFile; productRef = FD6A2E0C29665974006E1C10 /* FirebaseFirestoreSwift */; };
		FD6A2E0F29665974006E1C10 /* FirebaseStorage in Frameworks */ = {isa = PBXBuildFile; productRef = FD6A2E0E29665974006E1C10 /* FirebaseStorage */; };
		FD6A2E1129665974006E1C10 /* FirebaseStorageCombine-Community in Frameworks */ = {isa = PBXBuildFile; productRef = FD6A2E1029665974006E1C10 /* FirebaseStorageCombine-Community */; };
		FD6A2E1A2966FD67006E1C10 /* SwiftyJSON in Frameworks */ = {isa = PBXBuildFile; productRef = FD6A2E192966FD67006E1C10 /* SwiftyJSON */; };
		FD6A2E1D2966FD96006E1C10 /* Alamofire in Frameworks */ = {isa = PBXBuildFile; productRef = FD6A2E1C2966FD96006E1C10 /* Alamofire */; };
		FD6A2E1F2966FDE9006E1C10 /* NaverKeys.swift in Sources */ = {isa = PBXBuildFile; fileRef = FD6A2E1E2966FDE9006E1C10 /* NaverKeys.swift */; };
/* End PBXBuildFile section */

/* Begin PBXFileReference section */
		287680DC2967025300DC35CF /* AttendanceModalView.swift */ = {isa = PBXFileReference; lastKnownFileType = sourcecode.swift; path = AttendanceModalView.swift; sourceTree = "<group>"; };
		287680DE2967069400DC35CF /* LocationViewModel.swift */ = {isa = PBXFileReference; lastKnownFileType = sourcecode.swift; path = LocationViewModel.swift; sourceTree = "<group>"; };
		287680E22967207700DC35CF /* MapView.swift */ = {isa = PBXFileReference; lastKnownFileType = sourcecode.swift; path = MapView.swift; sourceTree = "<group>"; };
		1ACE538B29671F8F00491CC0 /* PartyView.swift */ = {isa = PBXFileReference; lastKnownFileType = sourcecode.swift; path = PartyView.swift; sourceTree = "<group>"; };
		1ACE538E29671FA100491CC0 /* JoinModalView.swift */ = {isa = PBXFileReference; lastKnownFileType = sourcecode.swift; path = JoinModalView.swift; sourceTree = "<group>"; };
		1ACE539029671FAA00491CC0 /* QRView.swift */ = {isa = PBXFileReference; lastKnownFileType = sourcecode.swift; path = QRView.swift; sourceTree = "<group>"; };
		34E66AF429666D2B005F19FC /* HomeMainView.swift */ = {isa = PBXFileReference; lastKnownFileType = sourcecode.swift; path = HomeMainView.swift; sourceTree = "<group>"; };
		34E66AF629666D3D005F19FC /* AttendanceMainView.swift */ = {isa = PBXFileReference; lastKnownFileType = sourcecode.swift; path = AttendanceMainView.swift; sourceTree = "<group>"; };
		34E66AF829666D53005F19FC /* MyMainView.swift */ = {isa = PBXFileReference; lastKnownFileType = sourcecode.swift; path = MyMainView.swift; sourceTree = "<group>"; };
		34E66AFA29666D61005F19FC /* User.swift */ = {isa = PBXFileReference; lastKnownFileType = sourcecode.swift; path = User.swift; sourceTree = "<group>"; };
		34E66AFC29666D72005F19FC /* GroupStore.swift */ = {isa = PBXFileReference; lastKnownFileType = sourcecode.swift; path = GroupStore.swift; sourceTree = "<group>"; };
		34E66B0129669F27005F19FC /* LoginView.swift */ = {isa = PBXFileReference; lastKnownFileType = sourcecode.swift; path = LoginView.swift; sourceTree = "<group>"; };
		34E66B0329669F3E005F19FC /* SignUpView.swift */ = {isa = PBXFileReference; lastKnownFileType = sourcecode.swift; path = SignUpView.swift; sourceTree = "<group>"; };
		34E66B062966C38E005F19FC /* SignUpStep2View.swift */ = {isa = PBXFileReference; lastKnownFileType = sourcecode.swift; path = SignUpStep2View.swift; sourceTree = "<group>"; };
		7944E32D2966C54000ADFED6 /* MainDetailView.swift */ = {isa = PBXFileReference; lastKnownFileType = sourcecode.swift; path = MainDetailView.swift; sourceTree = "<group>"; };
		7944E32F2966C62100ADFED6 /* DdayFrame.swift */ = {isa = PBXFileReference; lastKnownFileType = sourcecode.swift; path = DdayFrame.swift; sourceTree = "<group>"; };
		7944E3312966EE8D00ADFED6 /* ColorExtension.swift */ = {isa = PBXFileReference; lastKnownFileType = sourcecode.swift; path = ColorExtension.swift; sourceTree = "<group>"; };
		A525D9C62966C6D900BC6C53 /* ScanningCameraViewController.swift */ = {isa = PBXFileReference; lastKnownFileType = sourcecode.swift; path = ScanningCameraViewController.swift; sourceTree = "<group>"; };
		A525D9C82966C7DC00BC6C53 /* ScanningCamera.swift */ = {isa = PBXFileReference; lastKnownFileType = sourcecode.swift; path = ScanningCamera.swift; sourceTree = "<group>"; };
		A525D9CB2966EEDC00BC6C53 /* String.swift */ = {isa = PBXFileReference; lastKnownFileType = sourcecode.swift; path = String.swift; sourceTree = "<group>"; };
		F480D4122966554E005CB779 /* Check_It.app */ = {isa = PBXFileReference; explicitFileType = wrapper.application; includeInIndex = 0; path = Check_It.app; sourceTree = BUILT_PRODUCTS_DIR; };
		F480D4152966554E005CB779 /* Check_ItApp.swift */ = {isa = PBXFileReference; lastKnownFileType = sourcecode.swift; path = Check_ItApp.swift; sourceTree = "<group>"; };
		F480D4172966554E005CB779 /* ContentView.swift */ = {isa = PBXFileReference; lastKnownFileType = sourcecode.swift; path = ContentView.swift; sourceTree = "<group>"; };
		F480D41929665554005CB779 /* Assets.xcassets */ = {isa = PBXFileReference; lastKnownFileType = folder.assetcatalog; path = Assets.xcassets; sourceTree = "<group>"; };
		F480D41C29665554005CB779 /* Preview Assets.xcassets */ = {isa = PBXFileReference; lastKnownFileType = folder.assetcatalog; path = "Preview Assets.xcassets"; sourceTree = "<group>"; };
		F480D4232966EF2E005CB779 /* Group.swift */ = {isa = PBXFileReference; lastKnownFileType = sourcecode.swift; path = Group.swift; sourceTree = "<group>"; };
		F480D4252966EF97005CB779 /* Promise.swift */ = {isa = PBXFileReference; lastKnownFileType = sourcecode.swift; path = Promise.swift; sourceTree = "<group>"; };
		F480D4272966F1D1005CB779 /* Location.swift */ = {isa = PBXFileReference; lastKnownFileType = sourcecode.swift; path = Location.swift; sourceTree = "<group>"; };
		F480D4292967032C005CB779 /* MakeGroupModal.swift */ = {isa = PBXFileReference; lastKnownFileType = sourcecode.swift; path = MakeGroupModal.swift; sourceTree = "<group>"; };
		FD6A2DFF296658A5006E1C10 /* GoogleService-Info.plist */ = {isa = PBXFileReference; fileEncoding = 4; lastKnownFileType = text.plist.xml; path = "GoogleService-Info.plist"; sourceTree = "<group>"; };
		FD6A2E1E2966FDE9006E1C10 /* NaverKeys.swift */ = {isa = PBXFileReference; lastKnownFileType = sourcecode.swift; path = NaverKeys.swift; sourceTree = "<group>"; };
/* End PBXFileReference section */

/* Begin PBXFrameworksBuildPhase section */
		F480D40F2966554E005CB779 /* Frameworks */ = {
			isa = PBXFrameworksBuildPhase;
			buildActionMask = 2147483647;
			files = (
				FD6A2E1A2966FD67006E1C10 /* SwiftyJSON in Frameworks */,
				FD6A2E0329665974006E1C10 /* FirebaseAnalytics in Frameworks */,
				FD6A2E0929665974006E1C10 /* FirebaseFirestore in Frameworks */,
				FD6A2E1129665974006E1C10 /* FirebaseStorageCombine-Community in Frameworks */,
				FD6A2E0729665974006E1C10 /* FirebaseAuthCombine-Community in Frameworks */,
				FD6A2E1D2966FD96006E1C10 /* Alamofire in Frameworks */,
				FD6A2E0B29665974006E1C10 /* FirebaseFirestoreCombine-Community in Frameworks */,
				FD6A2E0F29665974006E1C10 /* FirebaseStorage in Frameworks */,
				FD6A2E0529665974006E1C10 /* FirebaseAuth in Frameworks */,
				FD6A2E0D29665974006E1C10 /* FirebaseFirestoreSwift in Frameworks */,
			);
			runOnlyForDeploymentPostprocessing = 0;
		};
/* End PBXFrameworksBuildPhase section */

/* Begin PBXGroup section */
		34E66AED29666B52005F19FC /* View */ = {
			isa = PBXGroup;
			children = (
				F480D4172966554E005CB779 /* ContentView.swift */,
				34E66AF029666C6F005F19FC /* Home */,
				34E66AF129666C7C005F19FC /* Attendance */,
				34E66AF229666C82005F19FC /* My */,
				34E66AFE29669CFF005F19FC /* LoginSignUp */,
			);
			path = View;
			sourceTree = "<group>";
		};
		34E66AEE29666B77005F19FC /* Model */ = {
			isa = PBXGroup;
			children = (
				34E66AFA29666D61005F19FC /* User.swift */,
				F480D4232966EF2E005CB779 /* Group.swift */,
				F480D4252966EF97005CB779 /* Promise.swift */,
				F480D4272966F1D1005CB779 /* Location.swift */,
			);
			path = Model;
			sourceTree = "<group>";
		};
		34E66AEF29666B80005F19FC /* ViewModel */ = {
			isa = PBXGroup;
			children = (
				34E66AFC29666D72005F19FC /* ViewModel.swift */,
				287680DE2967069400DC35CF /* LocationViewModel.swift */,
				34E66AFC29666D72005F19FC /* GroupStore.swift */,
			);
			path = ViewModel;
			sourceTree = "<group>";
		};
		34E66AF029666C6F005F19FC /* Home */ = {
			isa = PBXGroup;
			children = (
				34E66AF429666D2B005F19FC /* HomeMainView.swift */,
				F480D4292967032C005CB779 /* MakeGroupModal.swift */,
				1ACE538B29671F8F00491CC0 /* PartyView.swift */,
				1ACE538E29671FA100491CC0 /* JoinModalView.swift */,
				1ACE539029671FAA00491CC0 /* QRView.swift */,
				A525D9C62966C6D900BC6C53 /* ScanningCameraViewController.swift */,
				A525D9C82966C7DC00BC6C53 /* ScanningCamera.swift */,
				7944E32D2966C54000ADFED6 /* MainDetailView.swift */,
				7944E32F2966C62100ADFED6 /* DdayFrame.swift */,
				287680DC2967025300DC35CF /* AttendanceModalView.swift */,
				287680E22967207700DC35CF /* MapView.swift */,
			);
			path = Home;
			sourceTree = "<group>";
		};
		34E66AF129666C7C005F19FC /* Attendance */ = {
			isa = PBXGroup;
			children = (
				34E66AF629666D3D005F19FC /* AttendanceMainView.swift */,
			);
			path = Attendance;
			sourceTree = "<group>";
		};
		34E66AF229666C82005F19FC /* My */ = {
			isa = PBXGroup;
			children = (
				34E66AF829666D53005F19FC /* MyMainView.swift */,
			);
			path = My;
			sourceTree = "<group>";
		};
		34E66AFE29669CFF005F19FC /* LoginSignUp */ = {
			isa = PBXGroup;
			children = (
				34E66AFF29669D84005F19FC /* Login */,
				34E66B0029669D8A005F19FC /* SignUp */,
			);
			path = LoginSignUp;
			sourceTree = "<group>";
		};
		34E66AFF29669D84005F19FC /* Login */ = {
			isa = PBXGroup;
			children = (
				34E66B0129669F27005F19FC /* LoginView.swift */,
			);
			path = Login;
			sourceTree = "<group>";
		};
		34E66B0029669D8A005F19FC /* SignUp */ = {
			isa = PBXGroup;
			children = (
				34E66B0329669F3E005F19FC /* SignUpView.swift */,
				34E66B062966C38E005F19FC /* SignUpStep2View.swift */,
			);
			path = SignUp;
			sourceTree = "<group>";
		};
		A525D9CA2966EECC00BC6C53 /* Extensions */ = {
			isa = PBXGroup;
			children = (
				A525D9CB2966EEDC00BC6C53 /* String.swift */,
			);
			path = Extensions;
			sourceTree = "<group>";
		};
		F480D4092966554E005CB779 = {
			isa = PBXGroup;
			children = (
				FD6A2DFF296658A5006E1C10 /* GoogleService-Info.plist */,
				F480D4142966554E005CB779 /* Check_It */,
				F480D4132966554E005CB779 /* Products */,
			);
			sourceTree = "<group>";
		};
		F480D4132966554E005CB779 /* Products */ = {
			isa = PBXGroup;
			children = (
				F480D4122966554E005CB779 /* Check_It.app */,
			);
			name = Products;
			sourceTree = "<group>";
		};
		F480D4142966554E005CB779 /* Check_It */ = {
			isa = PBXGroup;
			children = (
				FD6A2E202966FEA6006E1C10 /* API */,
				A525D9CA2966EECC00BC6C53 /* Extensions */,
				F480D4152966554E005CB779 /* Check_ItApp.swift */,
				34E66AED29666B52005F19FC /* View */,
				34E66AEE29666B77005F19FC /* Model */,
				34E66AEF29666B80005F19FC /* ViewModel */,
				F480D41929665554005CB779 /* Assets.xcassets */,
				7944E3312966EE8D00ADFED6 /* ColorExtension.swift */,
				F480D41B29665554005CB779 /* Preview Content */,
			);
			path = Check_It;
			sourceTree = "<group>";
		};
		F480D41B29665554005CB779 /* Preview Content */ = {
			isa = PBXGroup;
			children = (
				F480D41C29665554005CB779 /* Preview Assets.xcassets */,
			);
			path = "Preview Content";
			sourceTree = "<group>";
		};
		FD6A2E202966FEA6006E1C10 /* API */ = {
			isa = PBXGroup;
			children = (
				FD6A2E1E2966FDE9006E1C10 /* NaverKeys.swift */,
			);
			path = API;
			sourceTree = "<group>";
		};
/* End PBXGroup section */

/* Begin PBXNativeTarget section */
		F480D4112966554E005CB779 /* Check_It */ = {
			isa = PBXNativeTarget;
			buildConfigurationList = F480D42029665554005CB779 /* Build configuration list for PBXNativeTarget "Check_It" */;
			buildPhases = (
				F480D40E2966554E005CB779 /* Sources */,
				F480D40F2966554E005CB779 /* Frameworks */,
				F480D4102966554E005CB779 /* Resources */,
			);
			buildRules = (
			);
			dependencies = (
			);
			name = Check_It;
			packageProductDependencies = (
				FD6A2E0229665974006E1C10 /* FirebaseAnalytics */,
				FD6A2E0429665974006E1C10 /* FirebaseAuth */,
				FD6A2E0629665974006E1C10 /* FirebaseAuthCombine-Community */,
				FD6A2E0829665974006E1C10 /* FirebaseFirestore */,
				FD6A2E0A29665974006E1C10 /* FirebaseFirestoreCombine-Community */,
				FD6A2E0C29665974006E1C10 /* FirebaseFirestoreSwift */,
				FD6A2E0E29665974006E1C10 /* FirebaseStorage */,
				FD6A2E1029665974006E1C10 /* FirebaseStorageCombine-Community */,
				FD6A2E192966FD67006E1C10 /* SwiftyJSON */,
				FD6A2E1C2966FD96006E1C10 /* Alamofire */,
			);
			productName = Check_It;
			productReference = F480D4122966554E005CB779 /* Check_It.app */;
			productType = "com.apple.product-type.application";
		};
/* End PBXNativeTarget section */

/* Begin PBXProject section */
		F480D40A2966554E005CB779 /* Project object */ = {
			isa = PBXProject;
			attributes = {
				BuildIndependentTargetsInParallel = 1;
				LastSwiftUpdateCheck = 1420;
				LastUpgradeCheck = 1420;
				TargetAttributes = {
					F480D4112966554E005CB779 = {
						CreatedOnToolsVersion = 14.2;
					};
				};
			};
			buildConfigurationList = F480D40D2966554E005CB779 /* Build configuration list for PBXProject "Check_It" */;
			compatibilityVersion = "Xcode 14.0";
			developmentRegion = en;
			hasScannedForEncodings = 0;
			knownRegions = (
				en,
				Base,
			);
			mainGroup = F480D4092966554E005CB779;
			packageReferences = (
				FD6A2E0129665974006E1C10 /* XCRemoteSwiftPackageReference "firebase-ios-sdk" */,
				FD6A2E182966FD67006E1C10 /* XCRemoteSwiftPackageReference "SwiftyJSON" */,
				FD6A2E1B2966FD96006E1C10 /* XCRemoteSwiftPackageReference "Alamofire" */,
			);
			productRefGroup = F480D4132966554E005CB779 /* Products */;
			projectDirPath = "";
			projectRoot = "";
			targets = (
				F480D4112966554E005CB779 /* Check_It */,
			);
		};
/* End PBXProject section */

/* Begin PBXResourcesBuildPhase section */
		F480D4102966554E005CB779 /* Resources */ = {
			isa = PBXResourcesBuildPhase;
			buildActionMask = 2147483647;
			files = (
				F480D41D29665554005CB779 /* Preview Assets.xcassets in Resources */,
				F480D41A29665554005CB779 /* Assets.xcassets in Resources */,
				FD6A2E00296658A5006E1C10 /* GoogleService-Info.plist in Resources */,
			);
			runOnlyForDeploymentPostprocessing = 0;
		};
/* End PBXResourcesBuildPhase section */

/* Begin PBXSourcesBuildPhase section */
		F480D40E2966554E005CB779 /* Sources */ = {
			isa = PBXSourcesBuildPhase;
			buildActionMask = 2147483647;
			files = (
				F480D4182966554E005CB779 /* ContentView.swift in Sources */,
				1ACE539129671FAA00491CC0 /* QRView.swift in Sources */,
				7944E3302966C62100ADFED6 /* DdayFrame.swift in Sources */,
				1ACE538F29671FA100491CC0 /* JoinModalView.swift in Sources */,
				F480D4162966554E005CB779 /* Check_ItApp.swift in Sources */,
				F480D4282966F1D1005CB779 /* Location.swift in Sources */,
				A525D9CC2966EEDC00BC6C53 /* String.swift in Sources */,
				287680DF2967069400DC35CF /* LocationViewModel.swift in Sources */,
				7944E32E2966C54000ADFED6 /* MainDetailView.swift in Sources */,
				34E66AF929666D53005F19FC /* MyMainView.swift in Sources */,
				F480D42A2967032C005CB779 /* MakeGroupModal.swift in Sources */,
				F480D4242966EF2E005CB779 /* Group.swift in Sources */,
				287680E32967207700DC35CF /* MapView.swift in Sources */,
				34E66AFB29666D61005F19FC /* User.swift in Sources */,
				F480D4262966EF97005CB779 /* Promise.swift in Sources */,
				34E66AF729666D3D005F19FC /* AttendanceMainView.swift in Sources */,
				34E66AF529666D2B005F19FC /* HomeMainView.swift in Sources */,
				A525D9C92966C7DC00BC6C53 /* ScanningCamera.swift in Sources */,
				A525D9C72966C6D900BC6C53 /* ScanningCameraViewController.swift in Sources */,
				FD6A2E1F2966FDE9006E1C10 /* NaverKeys.swift in Sources */,
				34E66B0229669F27005F19FC /* LoginView.swift in Sources */,
				287680DD2967025300DC35CF /* AttendanceModalView.swift in Sources */,
				34E66B0429669F3E005F19FC /* SignUpView.swift in Sources */,
				34E66AFD29666D72005F19FC /* GroupStore.swift in Sources */,
				34E66AFD29666D72005F19FC /* ViewModel.swift in Sources */,
				1ACE538C29671F8F00491CC0 /* PartyView.swift in Sources */,
				7944E3322966EE8D00ADFED6 /* ColorExtension.swift in Sources */,
				34E66B072966C38E005F19FC /* SignUpStep2View.swift in Sources */,
			);
			runOnlyForDeploymentPostprocessing = 0;
		};
/* End PBXSourcesBuildPhase section */

/* Begin XCBuildConfiguration section */
		F480D41E29665554005CB779 /* Debug */ = {
			isa = XCBuildConfiguration;
			buildSettings = {
				ALWAYS_SEARCH_USER_PATHS = NO;
				CLANG_ANALYZER_NONNULL = YES;
				CLANG_ANALYZER_NUMBER_OBJECT_CONVERSION = YES_AGGRESSIVE;
				CLANG_CXX_LANGUAGE_STANDARD = "gnu++20";
				CLANG_ENABLE_MODULES = YES;
				CLANG_ENABLE_OBJC_ARC = YES;
				CLANG_ENABLE_OBJC_WEAK = YES;
				CLANG_WARN_BLOCK_CAPTURE_AUTORELEASING = YES;
				CLANG_WARN_BOOL_CONVERSION = YES;
				CLANG_WARN_COMMA = YES;
				CLANG_WARN_CONSTANT_CONVERSION = YES;
				CLANG_WARN_DEPRECATED_OBJC_IMPLEMENTATIONS = YES;
				CLANG_WARN_DIRECT_OBJC_ISA_USAGE = YES_ERROR;
				CLANG_WARN_DOCUMENTATION_COMMENTS = YES;
				CLANG_WARN_EMPTY_BODY = YES;
				CLANG_WARN_ENUM_CONVERSION = YES;
				CLANG_WARN_INFINITE_RECURSION = YES;
				CLANG_WARN_INT_CONVERSION = YES;
				CLANG_WARN_NON_LITERAL_NULL_CONVERSION = YES;
				CLANG_WARN_OBJC_IMPLICIT_RETAIN_SELF = YES;
				CLANG_WARN_OBJC_LITERAL_CONVERSION = YES;
				CLANG_WARN_OBJC_ROOT_CLASS = YES_ERROR;
				CLANG_WARN_QUOTED_INCLUDE_IN_FRAMEWORK_HEADER = YES;
				CLANG_WARN_RANGE_LOOP_ANALYSIS = YES;
				CLANG_WARN_STRICT_PROTOTYPES = YES;
				CLANG_WARN_SUSPICIOUS_MOVE = YES;
				CLANG_WARN_UNGUARDED_AVAILABILITY = YES_AGGRESSIVE;
				CLANG_WARN_UNREACHABLE_CODE = YES;
				CLANG_WARN__DUPLICATE_METHOD_MATCH = YES;
				COPY_PHASE_STRIP = NO;
				DEBUG_INFORMATION_FORMAT = dwarf;
				ENABLE_STRICT_OBJC_MSGSEND = YES;
				ENABLE_TESTABILITY = YES;
				GCC_C_LANGUAGE_STANDARD = gnu11;
				GCC_DYNAMIC_NO_PIC = NO;
				GCC_NO_COMMON_BLOCKS = YES;
				GCC_OPTIMIZATION_LEVEL = 0;
				GCC_PREPROCESSOR_DEFINITIONS = (
					"DEBUG=1",
					"$(inherited)",
				);
				GCC_WARN_64_TO_32_BIT_CONVERSION = YES;
				GCC_WARN_ABOUT_RETURN_TYPE = YES_ERROR;
				GCC_WARN_UNDECLARED_SELECTOR = YES;
				GCC_WARN_UNINITIALIZED_AUTOS = YES_AGGRESSIVE;
				GCC_WARN_UNUSED_FUNCTION = YES;
				GCC_WARN_UNUSED_VARIABLE = YES;
				IPHONEOS_DEPLOYMENT_TARGET = 16.2;
				MTL_ENABLE_DEBUG_INFO = INCLUDE_SOURCE;
				MTL_FAST_MATH = YES;
				ONLY_ACTIVE_ARCH = YES;
				SDKROOT = iphoneos;
				SWIFT_ACTIVE_COMPILATION_CONDITIONS = DEBUG;
				SWIFT_OPTIMIZATION_LEVEL = "-Onone";
			};
			name = Debug;
		};
		F480D41F29665554005CB779 /* Release */ = {
			isa = XCBuildConfiguration;
			buildSettings = {
				ALWAYS_SEARCH_USER_PATHS = NO;
				CLANG_ANALYZER_NONNULL = YES;
				CLANG_ANALYZER_NUMBER_OBJECT_CONVERSION = YES_AGGRESSIVE;
				CLANG_CXX_LANGUAGE_STANDARD = "gnu++20";
				CLANG_ENABLE_MODULES = YES;
				CLANG_ENABLE_OBJC_ARC = YES;
				CLANG_ENABLE_OBJC_WEAK = YES;
				CLANG_WARN_BLOCK_CAPTURE_AUTORELEASING = YES;
				CLANG_WARN_BOOL_CONVERSION = YES;
				CLANG_WARN_COMMA = YES;
				CLANG_WARN_CONSTANT_CONVERSION = YES;
				CLANG_WARN_DEPRECATED_OBJC_IMPLEMENTATIONS = YES;
				CLANG_WARN_DIRECT_OBJC_ISA_USAGE = YES_ERROR;
				CLANG_WARN_DOCUMENTATION_COMMENTS = YES;
				CLANG_WARN_EMPTY_BODY = YES;
				CLANG_WARN_ENUM_CONVERSION = YES;
				CLANG_WARN_INFINITE_RECURSION = YES;
				CLANG_WARN_INT_CONVERSION = YES;
				CLANG_WARN_NON_LITERAL_NULL_CONVERSION = YES;
				CLANG_WARN_OBJC_IMPLICIT_RETAIN_SELF = YES;
				CLANG_WARN_OBJC_LITERAL_CONVERSION = YES;
				CLANG_WARN_OBJC_ROOT_CLASS = YES_ERROR;
				CLANG_WARN_QUOTED_INCLUDE_IN_FRAMEWORK_HEADER = YES;
				CLANG_WARN_RANGE_LOOP_ANALYSIS = YES;
				CLANG_WARN_STRICT_PROTOTYPES = YES;
				CLANG_WARN_SUSPICIOUS_MOVE = YES;
				CLANG_WARN_UNGUARDED_AVAILABILITY = YES_AGGRESSIVE;
				CLANG_WARN_UNREACHABLE_CODE = YES;
				CLANG_WARN__DUPLICATE_METHOD_MATCH = YES;
				COPY_PHASE_STRIP = NO;
				DEBUG_INFORMATION_FORMAT = "dwarf-with-dsym";
				ENABLE_NS_ASSERTIONS = NO;
				ENABLE_STRICT_OBJC_MSGSEND = YES;
				GCC_C_LANGUAGE_STANDARD = gnu11;
				GCC_NO_COMMON_BLOCKS = YES;
				GCC_WARN_64_TO_32_BIT_CONVERSION = YES;
				GCC_WARN_ABOUT_RETURN_TYPE = YES_ERROR;
				GCC_WARN_UNDECLARED_SELECTOR = YES;
				GCC_WARN_UNINITIALIZED_AUTOS = YES_AGGRESSIVE;
				GCC_WARN_UNUSED_FUNCTION = YES;
				GCC_WARN_UNUSED_VARIABLE = YES;
				IPHONEOS_DEPLOYMENT_TARGET = 16.2;
				MTL_ENABLE_DEBUG_INFO = NO;
				MTL_FAST_MATH = YES;
				SDKROOT = iphoneos;
				SWIFT_COMPILATION_MODE = wholemodule;
				SWIFT_OPTIMIZATION_LEVEL = "-O";
				VALIDATE_PRODUCT = YES;
			};
			name = Release;
		};
		F480D42129665554005CB779 /* Debug */ = {
			isa = XCBuildConfiguration;
			buildSettings = {
				ASSETCATALOG_COMPILER_APPICON_NAME = AppIcon;
				ASSETCATALOG_COMPILER_GLOBAL_ACCENT_COLOR_NAME = AccentColor;
				CODE_SIGN_STYLE = Automatic;
				CURRENT_PROJECT_VERSION = 1;
				DEVELOPMENT_ASSET_PATHS = "\"Check_It/Preview Content\"";
				DEVELOPMENT_TEAM = P3B6XK5BAQ;
				ENABLE_PREVIEWS = YES;
				GENERATE_INFOPLIST_FILE = YES;
				INFOPLIST_KEY_NSCameraUsageDescription = "카메라에 접근하려고 합니다.";
				INFOPLIST_KEY_NSLocationAlwaysAndWhenInUseUsageDescription = "";
				INFOPLIST_KEY_NSLocationAlwaysUsageDescription = "";
				INFOPLIST_KEY_NSLocationWhenInUseUsageDescription = "위치를 접근합니다.";
				INFOPLIST_KEY_UIApplicationSceneManifest_Generation = YES;
				INFOPLIST_KEY_UIApplicationSupportsIndirectInputEvents = YES;
				INFOPLIST_KEY_UILaunchScreen_Generation = YES;
				INFOPLIST_KEY_UISupportedInterfaceOrientations_iPad = "UIInterfaceOrientationPortrait UIInterfaceOrientationPortraitUpsideDown UIInterfaceOrientationLandscapeLeft UIInterfaceOrientationLandscapeRight";
				INFOPLIST_KEY_UISupportedInterfaceOrientations_iPhone = "UIInterfaceOrientationPortrait UIInterfaceOrientationLandscapeLeft UIInterfaceOrientationLandscapeRight";
				IPHONEOS_DEPLOYMENT_TARGET = 16.0;
				LD_RUNPATH_SEARCH_PATHS = (
					"$(inherited)",
					"@executable_path/Frameworks",
				);
				MARKETING_VERSION = 1.0;
				PRODUCT_BUNDLE_IDENTIFIER = "Hackaton.Check-It";
				PRODUCT_NAME = "$(TARGET_NAME)";
				SWIFT_EMIT_LOC_STRINGS = YES;
				SWIFT_VERSION = 5.0;
				TARGETED_DEVICE_FAMILY = "1,2";
			};
			name = Debug;
		};
		F480D42229665554005CB779 /* Release */ = {
			isa = XCBuildConfiguration;
			buildSettings = {
				ASSETCATALOG_COMPILER_APPICON_NAME = AppIcon;
				ASSETCATALOG_COMPILER_GLOBAL_ACCENT_COLOR_NAME = AccentColor;
				CODE_SIGN_STYLE = Automatic;
				CURRENT_PROJECT_VERSION = 1;
				DEVELOPMENT_ASSET_PATHS = "\"Check_It/Preview Content\"";
				DEVELOPMENT_TEAM = P3B6XK5BAQ;
				ENABLE_PREVIEWS = YES;
				GENERATE_INFOPLIST_FILE = YES;
				INFOPLIST_KEY_NSCameraUsageDescription = "카메라에 접근하려고 합니다.";
				INFOPLIST_KEY_NSLocationAlwaysAndWhenInUseUsageDescription = "";
				INFOPLIST_KEY_NSLocationAlwaysUsageDescription = "";
				INFOPLIST_KEY_NSLocationWhenInUseUsageDescription = "위치를 접근합니다.";
				INFOPLIST_KEY_UIApplicationSceneManifest_Generation = YES;
				INFOPLIST_KEY_UIApplicationSupportsIndirectInputEvents = YES;
				INFOPLIST_KEY_UILaunchScreen_Generation = YES;
				INFOPLIST_KEY_UISupportedInterfaceOrientations_iPad = "UIInterfaceOrientationPortrait UIInterfaceOrientationPortraitUpsideDown UIInterfaceOrientationLandscapeLeft UIInterfaceOrientationLandscapeRight";
				INFOPLIST_KEY_UISupportedInterfaceOrientations_iPhone = "UIInterfaceOrientationPortrait UIInterfaceOrientationLandscapeLeft UIInterfaceOrientationLandscapeRight";
				IPHONEOS_DEPLOYMENT_TARGET = 16.0;
				LD_RUNPATH_SEARCH_PATHS = (
					"$(inherited)",
					"@executable_path/Frameworks",
				);
				MARKETING_VERSION = 1.0;
				PRODUCT_BUNDLE_IDENTIFIER = "Hackaton.Check-It";
				PRODUCT_NAME = "$(TARGET_NAME)";
				SWIFT_EMIT_LOC_STRINGS = YES;
				SWIFT_VERSION = 5.0;
				TARGETED_DEVICE_FAMILY = "1,2";
			};
			name = Release;
		};
/* End XCBuildConfiguration section */

/* Begin XCConfigurationList section */
		F480D40D2966554E005CB779 /* Build configuration list for PBXProject "Check_It" */ = {
			isa = XCConfigurationList;
			buildConfigurations = (
				F480D41E29665554005CB779 /* Debug */,
				F480D41F29665554005CB779 /* Release */,
			);
			defaultConfigurationIsVisible = 0;
			defaultConfigurationName = Release;
		};
		F480D42029665554005CB779 /* Build configuration list for PBXNativeTarget "Check_It" */ = {
			isa = XCConfigurationList;
			buildConfigurations = (
				F480D42129665554005CB779 /* Debug */,
				F480D42229665554005CB779 /* Release */,
			);
			defaultConfigurationIsVisible = 0;
			defaultConfigurationName = Release;
		};
/* End XCConfigurationList section */

/* Begin XCRemoteSwiftPackageReference section */
		FD6A2E0129665974006E1C10 /* XCRemoteSwiftPackageReference "firebase-ios-sdk" */ = {
			isa = XCRemoteSwiftPackageReference;
			repositoryURL = "https://github.com/firebase/firebase-ios-sdk";
			requirement = {
				kind = upToNextMajorVersion;
				minimumVersion = 9.0.0;
			};
		};
		FD6A2E182966FD67006E1C10 /* XCRemoteSwiftPackageReference "SwiftyJSON" */ = {
			isa = XCRemoteSwiftPackageReference;
			repositoryURL = "https://github.com/SwiftyJSON/SwiftyJSON";
			requirement = {
				branch = master;
				kind = branch;
			};
		};
		FD6A2E1B2966FD96006E1C10 /* XCRemoteSwiftPackageReference "Alamofire" */ = {
			isa = XCRemoteSwiftPackageReference;
			repositoryURL = "https://github.com/Alamofire/Alamofire";
			requirement = {
				branch = master;
				kind = branch;
			};
		};
/* End XCRemoteSwiftPackageReference section */

/* Begin XCSwiftPackageProductDependency section */
		FD6A2E0229665974006E1C10 /* FirebaseAnalytics */ = {
			isa = XCSwiftPackageProductDependency;
			package = FD6A2E0129665974006E1C10 /* XCRemoteSwiftPackageReference "firebase-ios-sdk" */;
			productName = FirebaseAnalytics;
		};
		FD6A2E0429665974006E1C10 /* FirebaseAuth */ = {
			isa = XCSwiftPackageProductDependency;
			package = FD6A2E0129665974006E1C10 /* XCRemoteSwiftPackageReference "firebase-ios-sdk" */;
			productName = FirebaseAuth;
		};
		FD6A2E0629665974006E1C10 /* FirebaseAuthCombine-Community */ = {
			isa = XCSwiftPackageProductDependency;
			package = FD6A2E0129665974006E1C10 /* XCRemoteSwiftPackageReference "firebase-ios-sdk" */;
			productName = "FirebaseAuthCombine-Community";
		};
		FD6A2E0829665974006E1C10 /* FirebaseFirestore */ = {
			isa = XCSwiftPackageProductDependency;
			package = FD6A2E0129665974006E1C10 /* XCRemoteSwiftPackageReference "firebase-ios-sdk" */;
			productName = FirebaseFirestore;
		};
		FD6A2E0A29665974006E1C10 /* FirebaseFirestoreCombine-Community */ = {
			isa = XCSwiftPackageProductDependency;
			package = FD6A2E0129665974006E1C10 /* XCRemoteSwiftPackageReference "firebase-ios-sdk" */;
			productName = "FirebaseFirestoreCombine-Community";
		};
		FD6A2E0C29665974006E1C10 /* FirebaseFirestoreSwift */ = {
			isa = XCSwiftPackageProductDependency;
			package = FD6A2E0129665974006E1C10 /* XCRemoteSwiftPackageReference "firebase-ios-sdk" */;
			productName = FirebaseFirestoreSwift;
		};
		FD6A2E0E29665974006E1C10 /* FirebaseStorage */ = {
			isa = XCSwiftPackageProductDependency;
			package = FD6A2E0129665974006E1C10 /* XCRemoteSwiftPackageReference "firebase-ios-sdk" */;
			productName = FirebaseStorage;
		};
		FD6A2E1029665974006E1C10 /* FirebaseStorageCombine-Community */ = {
			isa = XCSwiftPackageProductDependency;
			package = FD6A2E0129665974006E1C10 /* XCRemoteSwiftPackageReference "firebase-ios-sdk" */;
			productName = "FirebaseStorageCombine-Community";
		};
		FD6A2E192966FD67006E1C10 /* SwiftyJSON */ = {
			isa = XCSwiftPackageProductDependency;
			package = FD6A2E182966FD67006E1C10 /* XCRemoteSwiftPackageReference "SwiftyJSON" */;
			productName = SwiftyJSON;
		};
		FD6A2E1C2966FD96006E1C10 /* Alamofire */ = {
			isa = XCSwiftPackageProductDependency;
			package = FD6A2E1B2966FD96006E1C10 /* XCRemoteSwiftPackageReference "Alamofire" */;
			productName = Alamofire;
		};
/* End XCSwiftPackageProductDependency section */
	};
	rootObject = F480D40A2966554E005CB779 /* Project object */;
}
